
Microsoft Visual Studio Solution File, Format Version 12.00
# Visual Studio Version 17
VisualStudioVersion = 17.11.35312.102
MinimumVisualStudioVersion = 10.0.40219.1
Project("{FAE04EC0-301F-11D3-BF4B-00C04F79EFBC}") = "PeakCommunication", "PeakCommunication\PeakCommunication.csproj", "{EDBA9F75-3422-4466-BAB4-8FC61B297D69}"
EndProject
Project("{FAE04EC0-301F-11D3-BF4B-00C04F79EFBC}") = "DbcParserLib", "DbcParser-main\DbcParserLib\DbcParserLib.csproj", "{05425EC8-0143-4445-A1CB-52BCAA1EC002}"
EndProject
Global
	GlobalSection(SolutionConfigurationPlatforms) = preSolution
		Debug|Any CPU = Debug|Any CPU
		Release|Any CPU = Release|Any CPU
	EndGlobalSection
	GlobalSection(ProjectConfigurationPlatforms) = postSolution
		{EDBA9F75-3422-4466-BAB4-8FC61B297D69}.Debug|Any CPU.ActiveCfg = Debug|Any CPU
		{EDBA9F75-3422-4466-BAB4-8FC61B297D69}.Debug|Any CPU.Build.0 = Debug|Any CPU
		{EDBA9F75-3422-4466-BAB4-8FC61B297D69}.Release|Any CPU.ActiveCfg = Release|Any CPU
		{EDBA9F75-3422-4466-BAB4-8FC61B297D69}.Release|Any CPU.Build.0 = Release|Any CPU
		{05425EC8-0143-4445-A1CB-52BCAA1EC002}.Debug|Any CPU.ActiveCfg = Debug|Any CPU
		{05425EC8-0143-4445-A1CB-52BCAA1EC002}.Debug|Any CPU.Build.0 = Debug|Any CPU
		{05425EC8-0143-4445-A1CB-52BCAA1EC002}.Release|Any CPU.ActiveCfg = Release|Any CPU
		{05425EC8-0143-4445-A1CB-52BCAA1EC002}.Release|Any CPU.Build.0 = Release|Any CPU
	EndGlobalSection
	GlobalSection(SolutionProperties) = preSolution
		HideSolutionNode = FALSE
	EndGlobalSection
	GlobalSection(ExtensibilityGlobals) = postSolution
		SolutionGuid = {7035F1A8-692E-4680-A95A-B69B3A465A05}
	EndGlobalSection
EndGlobal
